
Microsoft Visual Studio Solution File, Format Version 12.00
# Visual Studio 2013
VisualStudioVersion = 12.0.31101.0
MinimumVisualStudioVersion = 10.0.40219.1
Project("{FAE04EC0-301F-11D3-BF4B-00C04F79EFBC}") = "TPL_part_1_creating_simple_tasks", "TPL_part_1_creating_simple_tasks\TPL_part_1_creating_simple_tasks.csproj", "{B463C381-505A-4C6E-9EB6-D9CEA348BD2C}"
EndProject
Global
	GlobalSection(SolutionConfigurationPlatforms) = preSolution
		Debug|Any CPU = Debug|Any CPU
		Release|Any CPU = Release|Any CPU
	EndGlobalSection
	GlobalSection(ProjectConfigurationPlatforms) = postSolution
		{B463C381-505A-4C6E-9EB6-D9CEA348BD2C}.Debug|Any CPU.ActiveCfg = Debug|Any CPU
		{B463C381-505A-4C6E-9EB6-D9CEA348BD2C}.Debug|Any CPU.Build.0 = Debug|Any CPU
		{B463C381-505A-4C6E-9EB6-D9CEA348BD2C}.Release|Any CPU.ActiveCfg = Release|Any CPU
		{B463C381-505A-4C6E-9EB6-D9CEA348BD2C}.Release|Any CPU.Build.0 = Release|Any CPU
	EndGlobalSection
	GlobalSection(SolutionProperties) = preSolution
		HideSolutionNode = FALSE
	EndGlobalSection
EndGlobal
